
Microsoft Visual Studio Solution File, Format Version 12.00
# Visual Studio Version 17
VisualStudioVersion = 17.4.33403.182
MinimumVisualStudioVersion = 10.0.40219.1
Project("{FAE04EC0-301F-11D3-BF4B-00C04F79EFBC}") = "ProyectoFinalEstructura", "ProyectoFinalEstructura\ProyectoFinalEstructura.csproj", "{1A42D303-0805-4050-B506-B927991119DB}"
EndProject
Global
	GlobalSection(SolutionConfigurationPlatforms) = preSolution
		Debug|Any CPU = Debug|Any CPU
		Release|Any CPU = Release|Any CPU
	EndGlobalSection
	GlobalSection(ProjectConfigurationPlatforms) = postSolution
		{1A42D303-0805-4050-B506-B927991119DB}.Debug|Any CPU.ActiveCfg = Debug|Any CPU
		{1A42D303-0805-4050-B506-B927991119DB}.Debug|Any CPU.Build.0 = Debug|Any CPU
		{1A42D303-0805-4050-B506-B927991119DB}.Release|Any CPU.ActiveCfg = Release|Any CPU
		{1A42D303-0805-4050-B506-B927991119DB}.Release|Any CPU.Build.0 = Release|Any CPU
	EndGlobalSection
	GlobalSection(SolutionProperties) = preSolution
		HideSolutionNode = FALSE
	EndGlobalSection
	GlobalSection(ExtensibilityGlobals) = postSolution
		SolutionGuid = {1440E14F-E1EE-4997-B5FA-C0CEF0CA7337}
	EndGlobalSection
EndGlobal
